// !$*UTF8*$!
{
	archiveVersion = 1;
	classes = {
	};
	objectVersion = 56;
	objects = {

/* Begin PBXBuildFile section */
		6F10AB532AF0DB39003EC937 /* TweetTableViewCell.swift in Sources */ = {isa = PBXBuildFile; fileRef = 6F10AB512AF0DB39003EC937 /* TweetTableViewCell.swift */; };
		6F10AB542AF0DB39003EC937 /* TweetTableViewCell.xib in Resources */ = {isa = PBXBuildFile; fileRef = 6F10AB522AF0DB39003EC937 /* TweetTableViewCell.xib */; };
		6F10AB582AF21822003EC937 /* Storyboards.swift in Sources */ = {isa = PBXBuildFile; fileRef = 6F10AB572AF21822003EC937 /* Storyboards.swift */; };
		6F10AB5A2AF218BB003EC937 /* Extensions.swift in Sources */ = {isa = PBXBuildFile; fileRef = 6F10AB592AF218BB003EC937 /* Extensions.swift */; };
		6F10AB5E2AF21C6E003EC937 /* TextviewWithPlaceholder.swift in Sources */ = {isa = PBXBuildFile; fileRef = 6F10AB5D2AF21C6E003EC937 /* TextviewWithPlaceholder.swift */; };
		6FD7873A2AF0C8F300E7F6A0 /* AppDelegate.swift in Sources */ = {isa = PBXBuildFile; fileRef = 6FD787392AF0C8F300E7F6A0 /* AppDelegate.swift */; };
		6FD7873C2AF0C8F300E7F6A0 /* SceneDelegate.swift in Sources */ = {isa = PBXBuildFile; fileRef = 6FD7873B2AF0C8F300E7F6A0 /* SceneDelegate.swift */; };
		6FD7873E2AF0C8F300E7F6A0 /* HomeViewController.swift in Sources */ = {isa = PBXBuildFile; fileRef = 6FD7873D2AF0C8F300E7F6A0 /* HomeViewController.swift */; };
		6FD787412AF0C8F300E7F6A0 /* Main.storyboard in Resources */ = {isa = PBXBuildFile; fileRef = 6FD7873F2AF0C8F300E7F6A0 /* Main.storyboard */; };
		6FD787432AF0C8F400E7F6A0 /* Assets.xcassets in Resources */ = {isa = PBXBuildFile; fileRef = 6FD787422AF0C8F400E7F6A0 /* Assets.xcassets */; };
		6FD787462AF0C8F400E7F6A0 /* LaunchScreen.storyboard in Resources */ = {isa = PBXBuildFile; fileRef = 6FD787442AF0C8F400E7F6A0 /* LaunchScreen.storyboard */; };
/* End PBXBuildFile section */

/* Begin PBXFileReference section */
		6F10AB512AF0DB39003EC937 /* TweetTableViewCell.swift */ = {isa = PBXFileReference; lastKnownFileType = sourcecode.swift; path = TweetTableViewCell.swift; sourceTree = "<group>"; };
		6F10AB522AF0DB39003EC937 /* TweetTableViewCell.xib */ = {isa = PBXFileReference; lastKnownFileType = file.xib; path = TweetTableViewCell.xib; sourceTree = "<group>"; };
		6F10AB572AF21822003EC937 /* Storyboards.swift */ = {isa = PBXFileReference; lastKnownFileType = sourcecode.swift; path = Storyboards.swift; sourceTree = "<group>"; };
		6F10AB592AF218BB003EC937 /* Extensions.swift */ = {isa = PBXFileReference; lastKnownFileType = sourcecode.swift; path = Extensions.swift; sourceTree = "<group>"; };
		6F10AB5D2AF21C6E003EC937 /* TextviewWithPlaceholder.swift */ = {isa = PBXFileReference; lastKnownFileType = sourcecode.swift; path = TextviewWithPlaceholder.swift; sourceTree = "<group>"; };
		6FD787362AF0C8F300E7F6A0 /* TwitterApp.app */ = {isa = PBXFileReference; explicitFileType = wrapper.application; includeInIndex = 0; path = TwitterApp.app; sourceTree = BUILT_PRODUCTS_DIR; };
		6FD787392AF0C8F300E7F6A0 /* AppDelegate.swift */ = {isa = PBXFileReference; lastKnownFileType = sourcecode.swift; path = AppDelegate.swift; sourceTree = "<group>"; };
		6FD7873B2AF0C8F300E7F6A0 /* SceneDelegate.swift */ = {isa = PBXFileReference; lastKnownFileType = sourcecode.swift; path = SceneDelegate.swift; sourceTree = "<group>"; };
		6FD7873D2AF0C8F300E7F6A0 /* HomeViewController.swift */ = {isa = PBXFileReference; lastKnownFileType = sourcecode.swift; path = HomeViewController.swift; sourceTree = "<group>"; };
		6FD787402AF0C8F300E7F6A0 /* Base */ = {isa = PBXFileReference; lastKnownFileType = file.storyboard; name = Base; path = Base.lproj/Main.storyboard; sourceTree = "<group>"; };
		6FD787422AF0C8F400E7F6A0 /* Assets.xcassets */ = {isa = PBXFileReference; lastKnownFileType = folder.assetcatalog; path = Assets.xcassets; sourceTree = "<group>"; };
		6FD787452AF0C8F400E7F6A0 /* Base */ = {isa = PBXFileReference; lastKnownFileType = file.storyboard; name = Base; path = Base.lproj/LaunchScreen.storyboard; sourceTree = "<group>"; };
		6FD787472AF0C8F400E7F6A0 /* Info.plist */ = {isa = PBXFileReference; lastKnownFileType = text.plist.xml; path = Info.plist; sourceTree = "<group>"; };
/* End PBXFileReference section */

/* Begin PBXFrameworksBuildPhase section */
		6FD787332AF0C8F300E7F6A0 /* Frameworks */ = {
			isa = PBXFrameworksBuildPhase;
			buildActionMask = 2147483647;
			files = (
			);
			runOnlyForDeploymentPostprocessing = 0;
		};
/* End PBXFrameworksBuildPhase section */

/* Begin PBXGroup section */
		6F10AB4F2AF0CC9F003EC937 /* AppLifecycle */ = {
			isa = PBXGroup;
			children = (
				6FD787392AF0C8F300E7F6A0 /* AppDelegate.swift */,
				6FD7873B2AF0C8F300E7F6A0 /* SceneDelegate.swift */,
			);
			path = AppLifecycle;
			sourceTree = "<group>";
		};
		6F10AB502AF0CCB0003EC937 /* Controllers */ = {
			isa = PBXGroup;
			children = (
				6FD7873D2AF0C8F300E7F6A0 /* HomeViewController.swift */,
				6F10AB5B2AF21A61003EC937 /* Cell */,
			);
			path = Controllers;
			sourceTree = "<group>";
		};
		6F10AB5B2AF21A61003EC937 /* Cell */ = {
			isa = PBXGroup;
			children = (
				6F10AB512AF0DB39003EC937 /* TweetTableViewCell.swift */,
			);
			path = Cell;
			sourceTree = "<group>";
		};
		6F10AB5C2AF21C5B003EC937 /* Utility */ = {
			isa = PBXGroup;
			children = (
				6F10AB572AF21822003EC937 /* Storyboards.swift */,
				6F10AB592AF218BB003EC937 /* Extensions.swift */,
				6F10AB5D2AF21C6E003EC937 /* TextviewWithPlaceholder.swift */,
			);
			path = Utility;
			sourceTree = "<group>";
		};
		6FD7872D2AF0C8F300E7F6A0 = {
			isa = PBXGroup;
			children = (
				6FD787382AF0C8F300E7F6A0 /* TwitterApp */,
				6FD787372AF0C8F300E7F6A0 /* Products */,
			);
			sourceTree = "<group>";
		};
		6FD787372AF0C8F300E7F6A0 /* Products */ = {
			isa = PBXGroup;
			children = (
				6FD787362AF0C8F300E7F6A0 /* TwitterApp.app */,
			);
			name = Products;
			sourceTree = "<group>";
		};
		6FD787382AF0C8F300E7F6A0 /* TwitterApp */ = {
			isa = PBXGroup;
			children = (
				6F10AB4F2AF0CC9F003EC937 /* AppLifecycle */,
				6F10AB502AF0CCB0003EC937 /* Controllers */,
				6FD7874D2AF0C93500E7F6A0 /* Views */,
				6FD787422AF0C8F400E7F6A0 /* Assets.xcassets */,
				6FD787472AF0C8F400E7F6A0 /* Info.plist */,
				6F10AB5C2AF21C5B003EC937 /* Utility */,
			);
			path = TwitterApp;
			sourceTree = "<group>";
		};
		6FD7874D2AF0C93500E7F6A0 /* Views */ = {
			isa = PBXGroup;
			children = (
				6FD7873F2AF0C8F300E7F6A0 /* Main.storyboard */,
				6FD787442AF0C8F400E7F6A0 /* LaunchScreen.storyboard */,
				6F10AB522AF0DB39003EC937 /* TweetTableViewCell.xib */,
			);
			path = Views;
			sourceTree = "<group>";
		};
/* End PBXGroup section */

/* Begin PBXNativeTarget section */
		6FD787352AF0C8F300E7F6A0 /* TwitterApp */ = {
			isa = PBXNativeTarget;
			buildConfigurationList = 6FD7874A2AF0C8F400E7F6A0 /* Build configuration list for PBXNativeTarget "TwitterApp" */;
			buildPhases = (
				6FD787322AF0C8F300E7F6A0 /* Sources */,
				6FD787332AF0C8F300E7F6A0 /* Frameworks */,
				6FD787342AF0C8F300E7F6A0 /* Resources */,
			);
			buildRules = (
			);
			dependencies = (
			);
			name = TwitterApp;
			productName = TwitterApp;
			productReference = 6FD787362AF0C8F300E7F6A0 /* TwitterApp.app */;
			productType = "com.apple.product-type.application";
		};
/* End PBXNativeTarget section */

/* Begin PBXProject section */
		6FD7872E2AF0C8F300E7F6A0 /* Project object */ = {
			isa = PBXProject;
			attributes = {
				BuildIndependentTargetsInParallel = 1;
				LastSwiftUpdateCheck = 1500;
				LastUpgradeCheck = 1500;
				TargetAttributes = {
					6FD787352AF0C8F300E7F6A0 = {
						CreatedOnToolsVersion = 15.0;
					};
				};
			};
			buildConfigurationList = 6FD787312AF0C8F300E7F6A0 /* Build configuration list for PBXProject "TwitterApp" */;
			compatibilityVersion = "Xcode 14.0";
			developmentRegion = en;
			hasScannedForEncodings = 0;
			knownRegions = (
				en,
				Base,
			);
			mainGroup = 6FD7872D2AF0C8F300E7F6A0;
			productRefGroup = 6FD787372AF0C8F300E7F6A0 /* Products */;
			projectDirPath = "";
			projectRoot = "";
			targets = (
				6FD787352AF0C8F300E7F6A0 /* TwitterApp */,
			);
		};
/* End PBXProject section */

/* Begin PBXResourcesBuildPhase section */
		6FD787342AF0C8F300E7F6A0 /* Resources */ = {
			isa = PBXResourcesBuildPhase;
			buildActionMask = 2147483647;
			files = (
				6FD787462AF0C8F400E7F6A0 /* LaunchScreen.storyboard in Resources */,
				6FD787432AF0C8F400E7F6A0 /* Assets.xcassets in Resources */,
				6FD787412AF0C8F300E7F6A0 /* Main.storyboard in Resources */,
				6F10AB542AF0DB39003EC937 /* TweetTableViewCell.xib in Resources */,
			);
			runOnlyForDeploymentPostprocessing = 0;
		};
/* End PBXResourcesBuildPhase section */

/* Begin PBXSourcesBuildPhase section */
		6FD787322AF0C8F300E7F6A0 /* Sources */ = {
			isa = PBXSourcesBuildPhase;
			buildActionMask = 2147483647;
			files = (
				6F10AB582AF21822003EC937 /* Storyboards.swift in Sources */,
				6FD7873E2AF0C8F300E7F6A0 /* HomeViewController.swift in Sources */,
				6FD7873A2AF0C8F300E7F6A0 /* AppDelegate.swift in Sources */,
				6FD7873C2AF0C8F300E7F6A0 /* SceneDelegate.swift in Sources */,
				6F10AB532AF0DB39003EC937 /* TweetTableViewCell.swift in Sources */,
				6F10AB5A2AF218BB003EC937 /* Extensions.swift in Sources */,
				6F10AB5E2AF21C6E003EC937 /* TextviewWithPlaceholder.swift in Sources */,
			);
			runOnlyForDeploymentPostprocessing = 0;
		};
/* End PBXSourcesBuildPhase section */

/* Begin PBXVariantGroup section */
		6FD7873F2AF0C8F300E7F6A0 /* Main.storyboard */ = {
			isa = PBXVariantGroup;
			children = (
				6FD787402AF0C8F300E7F6A0 /* Base */,
			);
			name = Main.storyboard;
			sourceTree = "<group>";
		};
		6FD787442AF0C8F400E7F6A0 /* LaunchScreen.storyboard */ = {
			isa = PBXVariantGroup;
			children = (
				6FD787452AF0C8F400E7F6A0 /* Base */,
			);
			name = LaunchScreen.storyboard;
			sourceTree = "<group>";
		};
/* End PBXVariantGroup section */

/* Begin XCBuildConfiguration section */
		6FD787482AF0C8F400E7F6A0 /* Debug */ = {
			isa = XCBuildConfiguration;
			buildSettings = {
				ALWAYS_SEARCH_USER_PATHS = NO;
				ASSETCATALOG_COMPILER_GENERATE_SWIFT_ASSET_SYMBOL_EXTENSIONS = YES;
				CLANG_ANALYZER_NONNULL = YES;
				CLANG_ANALYZER_NUMBER_OBJECT_CONVERSION = YES_AGGRESSIVE;
				CLANG_CXX_LANGUAGE_STANDARD = "gnu++20";
				CLANG_ENABLE_MODULES = YES;
				CLANG_ENABLE_OBJC_ARC = YES;
				CLANG_ENABLE_OBJC_WEAK = YES;
				CLANG_WARN_BLOCK_CAPTURE_AUTORELEASING = YES;
				CLANG_WARN_BOOL_CONVERSION = YES;
				CLANG_WARN_COMMA = YES;
				CLANG_WARN_CONSTANT_CONVERSION = YES;
				CLANG_WARN_DEPRECATED_OBJC_IMPLEMENTATIONS = YES;
				CLANG_WARN_DIRECT_OBJC_ISA_USAGE = YES_ERROR;
				CLANG_WARN_DOCUMENTATION_COMMENTS = YES;
				CLANG_WARN_EMPTY_BODY = YES;
				CLANG_WARN_ENUM_CONVERSION = YES;
				CLANG_WARN_INFINITE_RECURSION = YES;
				CLANG_WARN_INT_CONVERSION = YES;
				CLANG_WARN_NON_LITERAL_NULL_CONVERSION = YES;
				CLANG_WARN_OBJC_IMPLICIT_RETAIN_SELF = YES;
				CLANG_WARN_OBJC_LITERAL_CONVERSION = YES;
				CLANG_WARN_OBJC_ROOT_CLASS = YES_ERROR;
				CLANG_WARN_QUOTED_INCLUDE_IN_FRAMEWORK_HEADER = YES;
				CLANG_WARN_RANGE_LOOP_ANALYSIS = YES;
				CLANG_WARN_STRICT_PROTOTYPES = YES;
				CLANG_WARN_SUSPICIOUS_MOVE = YES;
				CLANG_WARN_UNGUARDED_AVAILABILITY = YES_AGGRESSIVE;
				CLANG_WARN_UNREACHABLE_CODE = YES;
				CLANG_WARN__DUPLICATE_METHOD_MATCH = YES;
				COPY_PHASE_STRIP = NO;
				DEBUG_INFORMATION_FORMAT = dwarf;
				ENABLE_STRICT_OBJC_MSGSEND = YES;
				ENABLE_TESTABILITY = YES;
				ENABLE_USER_SCRIPT_SANDBOXING = YES;
				GCC_C_LANGUAGE_STANDARD = gnu17;
				GCC_DYNAMIC_NO_PIC = NO;
				GCC_NO_COMMON_BLOCKS = YES;
				GCC_OPTIMIZATION_LEVEL = 0;
				GCC_PREPROCESSOR_DEFINITIONS = (
					"DEBUG=1",
					"$(inherited)",
				);
				GCC_WARN_64_TO_32_BIT_CONVERSION = YES;
				GCC_WARN_ABOUT_RETURN_TYPE = YES_ERROR;
				GCC_WARN_UNDECLARED_SELECTOR = YES;
				GCC_WARN_UNINITIALIZED_AUTOS = YES_AGGRESSIVE;
				GCC_WARN_UNUSED_FUNCTION = YES;
				GCC_WARN_UNUSED_VARIABLE = YES;
				IPHONEOS_DEPLOYMENT_TARGET = 17.0;
				LOCALIZATION_PREFERS_STRING_CATALOGS = YES;
				MTL_ENABLE_DEBUG_INFO = INCLUDE_SOURCE;
				MTL_FAST_MATH = YES;
				ONLY_ACTIVE_ARCH = YES;
				SDKROOT = iphoneos;
				SWIFT_ACTIVE_COMPILATION_CONDITIONS = "DEBUG $(inherited)";
				SWIFT_OPTIMIZATION_LEVEL = "-Onone";
			};
			name = Debug;
		};
		6FD787492AF0C8F400E7F6A0 /* Release */ = {
			isa = XCBuildConfiguration;
			buildSettings = {
				ALWAYS_SEARCH_USER_PATHS = NO;
				ASSETCATALOG_COMPILER_GENERATE_SWIFT_ASSET_SYMBOL_EXTENSIONS = YES;
				CLANG_ANALYZER_NONNULL = YES;
				CLANG_ANALYZER_NUMBER_OBJECT_CONVERSION = YES_AGGRESSIVE;
				CLANG_CXX_LANGUAGE_STANDARD = "gnu++20";
				CLANG_ENABLE_MODULES = YES;
				CLANG_ENABLE_OBJC_ARC = YES;
				CLANG_ENABLE_OBJC_WEAK = YES;
				CLANG_WARN_BLOCK_CAPTURE_AUTORELEASING = YES;
				CLANG_WARN_BOOL_CONVERSION = YES;
				CLANG_WARN_COMMA = YES;
				CLANG_WARN_CONSTANT_CONVERSION = YES;
				CLANG_WARN_DEPRECATED_OBJC_IMPLEMENTATIONS = YES;
				CLANG_WARN_DIRECT_OBJC_ISA_USAGE = YES_ERROR;
				CLANG_WARN_DOCUMENTATION_COMMENTS = YES;
				CLANG_WARN_EMPTY_BODY = YES;
				CLANG_WARN_ENUM_CONVERSION = YES;
				CLANG_WARN_INFINITE_RECURSION = YES;
				CLANG_WARN_INT_CONVERSION = YES;
				CLANG_WARN_NON_LITERAL_NULL_CONVERSION = YES;
				CLANG_WARN_OBJC_IMPLICIT_RETAIN_SELF = YES;
				CLANG_WARN_OBJC_LITERAL_CONVERSION = YES;
				CLANG_WARN_OBJC_ROOT_CLASS = YES_ERROR;
				CLANG_WARN_QUOTED_INCLUDE_IN_FRAMEWORK_HEADER = YES;
				CLANG_WARN_RANGE_LOOP_ANALYSIS = YES;
				CLANG_WARN_STRICT_PROTOTYPES = YES;
				CLANG_WARN_SUSPICIOUS_MOVE = YES;
				CLANG_WARN_UNGUARDED_AVAILABILITY = YES_AGGRESSIVE;
				CLANG_WARN_UNREACHABLE_CODE = YES;
				CLANG_WARN__DUPLICATE_METHOD_MATCH = YES;
				COPY_PHASE_STRIP = NO;
				DEBUG_INFORMATION_FORMAT = "dwarf-with-dsym";
				ENABLE_NS_ASSERTIONS = NO;
				ENABLE_STRICT_OBJC_MSGSEND = YES;
				ENABLE_USER_SCRIPT_SANDBOXING = YES;
				GCC_C_LANGUAGE_STANDARD = gnu17;
				GCC_NO_COMMON_BLOCKS = YES;
				GCC_WARN_64_TO_32_BIT_CONVERSION = YES;
				GCC_WARN_ABOUT_RETURN_TYPE = YES_ERROR;
				GCC_WARN_UNDECLARED_SELECTOR = YES;
				GCC_WARN_UNINITIALIZED_AUTOS = YES_AGGRESSIVE;
				GCC_WARN_UNUSED_FUNCTION = YES;
				GCC_WARN_UNUSED_VARIABLE = YES;
				IPHONEOS_DEPLOYMENT_TARGET = 17.0;
				LOCALIZATION_PREFERS_STRING_CATALOGS = YES;
				MTL_ENABLE_DEBUG_INFO = NO;
				MTL_FAST_MATH = YES;
				SDKROOT = iphoneos;
				SWIFT_COMPILATION_MODE = wholemodule;
				VALIDATE_PRODUCT = YES;
			};
			name = Release;
		};
		6FD7874B2AF0C8F400E7F6A0 /* Debug */ = {
			isa = XCBuildConfiguration;
			buildSettings = {
				ASSETCATALOG_COMPILER_APPICON_NAME = AppIcon;
				ASSETCATALOG_COMPILER_GLOBAL_ACCENT_COLOR_NAME = AccentColor;
				CODE_SIGN_STYLE = Automatic;
				CURRENT_PROJECT_VERSION = 1;
				ENABLE_USER_SCRIPT_SANDBOXING = YES;
				GENERATE_INFOPLIST_FILE = YES;
				INFOPLIST_FILE = TwitterApp/Info.plist;
				INFOPLIST_KEY_UIApplicationSupportsIndirectInputEvents = YES;
				INFOPLIST_KEY_UILaunchStoryboardName = LaunchScreen;
				INFOPLIST_KEY_UIMainStoryboardFile = Main;
				INFOPLIST_KEY_UISupportedInterfaceOrientations_iPad = "UIInterfaceOrientationPortrait UIInterfaceOrientationPortraitUpsideDown UIInterfaceOrientationLandscapeLeft UIInterfaceOrientationLandscapeRight";
				INFOPLIST_KEY_UISupportedInterfaceOrientations_iPhone = "UIInterfaceOrientationPortrait UIInterfaceOrientationLandscapeLeft UIInterfaceOrientationLandscapeRight";
				LD_RUNPATH_SEARCH_PATHS = (
					"$(inherited)",
					"@executable_path/Frameworks",
				);
				MARKETING_VERSION = 1.0;
				PRODUCT_BUNDLE_IDENTIFIER = com.twitter.app.TwitterApp;
				PRODUCT_NAME = "$(TARGET_NAME)";
				SWIFT_EMIT_LOC_STRINGS = YES;
				SWIFT_VERSION = 5.0;
				TARGETED_DEVICE_FAMILY = "1,2";
			};
			name = Debug;
		};
		6FD7874C2AF0C8F400E7F6A0 /* Release */ = {
			isa = XCBuildConfiguration;
			buildSettings = {
				ASSETCATALOG_COMPILER_APPICON_NAME = AppIcon;
				ASSETCATALOG_COMPILER_GLOBAL_ACCENT_COLOR_NAME = AccentColor;
				CODE_SIGN_STYLE = Automatic;
				CURRENT_PROJECT_VERSION = 1;
				ENABLE_USER_SCRIPT_SANDBOXING = YES;
				GENERATE_INFOPLIST_FILE = YES;
				INFOPLIST_FILE = TwitterApp/Info.plist;
				INFOPLIST_KEY_UIApplicationSupportsIndirectInputEvents = YES;
				INFOPLIST_KEY_UILaunchStoryboardName = LaunchScreen;
				INFOPLIST_KEY_UIMainStoryboardFile = Main;
				INFOPLIST_KEY_UISupportedInterfaceOrientations_iPad = "UIInterfaceOrientationPortrait UIInterfaceOrientationPortraitUpsideDown UIInterfaceOrientationLandscapeLeft UIInterfaceOrientationLandscapeRight";
				INFOPLIST_KEY_UISupportedInterfaceOrientations_iPhone = "UIInterfaceOrientationPortrait UIInterfaceOrientationLandscapeLeft UIInterfaceOrientationLandscapeRight";
				LD_RUNPATH_SEARCH_PATHS = (
					"$(inherited)",
					"@executable_path/Frameworks",
				);
				MARKETING_VERSION = 1.0;
				PRODUCT_BUNDLE_IDENTIFIER = com.twitter.app.TwitterApp;
				PRODUCT_NAME = "$(TARGET_NAME)";
				SWIFT_EMIT_LOC_STRINGS = YES;
				SWIFT_VERSION = 5.0;
				TARGETED_DEVICE_FAMILY = "1,2";
			};
			name = Release;
		};
/* End XCBuildConfiguration section */

/* Begin XCConfigurationList section */
		6FD787312AF0C8F300E7F6A0 /* Build configuration list for PBXProject "TwitterApp" */ = {
			isa = XCConfigurationList;
			buildConfigurations = (
				6FD787482AF0C8F400E7F6A0 /* Debug */,
				6FD787492AF0C8F400E7F6A0 /* Release */,
			);
			defaultConfigurationIsVisible = 0;
			defaultConfigurationName = Release;
		};
		6FD7874A2AF0C8F400E7F6A0 /* Build configuration list for PBXNativeTarget "TwitterApp" */ = {
			isa = XCConfigurationList;
			buildConfigurations = (
				6FD7874B2AF0C8F400E7F6A0 /* Debug */,
				6FD7874C2AF0C8F400E7F6A0 /* Release */,
			);
			defaultConfigurationIsVisible = 0;
			defaultConfigurationName = Release;
		};
/* End XCConfigurationList section */
	};
	rootObject = 6FD7872E2AF0C8F300E7F6A0 /* Project object */;
}
